Microsoft Visual Studio Solution File, Format Version 12.00
# Visual Studio Version 17
VisualStudioVersion = 17.5.2.0
MinimumVisualStudioVersion = 10.0.40219.1
Project("{FAE04EC0-301F-11D3-BF4B-00C04F79EFBC}") = "RokBot", "RokBot.csproj", "{DF0EFEAD-5D92-BAFB-A75D-65E13856D00C}"
EndProject
Global
	GlobalSection(SolutionConfigurationPlatforms) = preSolution
		Debug|Any CPU = Debug|Any CPU
		Release|Any CPU = Release|Any CPU
	EndGlobalSection
	GlobalSection(ProjectConfigurationPlatforms) = postSolution
		{DF0EFEAD-5D92-BAFB-A75D-65E13856D00C}.Debug|Any CPU.ActiveCfg = Debug|Any CPU
		{DF0EFEAD-5D92-BAFB-A75D-65E13856D00C}.Debug|Any CPU.Build.0 = Debug|Any CPU
		{DF0EFEAD-5D92-BAFB-A75D-65E13856D00C}.Release|Any CPU.ActiveCfg = Release|Any CPU
		{DF0EFEAD-5D92-BAFB-A75D-65E13856D00C}.Release|Any CPU.Build.0 = Release|Any CPU
	EndGlobalSection
	GlobalSection(SolutionProperties) = preSolution
		HideSolutionNode = FALSE
	EndGlobalSection
	GlobalSection(ExtensibilityGlobals) = postSolution
		SolutionGuid = {910B0897-BB6C-4DD3-AFD9-10B29D2D6F6B}
	EndGlobalSection
EndGlobal
